
Microsoft Visual Studio Solution File, Format Version 12.00
# Visual Studio Version 17
VisualStudioVersion = 17.13.35931.197 d17.13
MinimumVisualStudioVersion = 10.0.40219.1
Project("{FAE04EC0-301F-11D3-BF4B-00C04F79EFBC}") = "myExercise_2", "myExercise_2\myExercise_2.csproj", "{E8E779D1-D65E-4206-B8AC-DE4065C1DD37}"
EndProject
Project("{FAE04EC0-301F-11D3-BF4B-00C04F79EFBC}") = "myWebApi", "myWebApi\myWebApi.csproj", "{4A8C7B0B-2665-476A-B06F-B701763C240E}"
EndProject
Global
	GlobalSection(SolutionConfigurationPlatforms) = preSolution
		Debug|Any CPU = Debug|Any CPU
		Release|Any CPU = Release|Any CPU
	EndGlobalSection
	GlobalSection(ProjectConfigurationPlatforms) = postSolution
		{E8E779D1-D65E-4206-B8AC-DE4065C1DD37}.Debug|Any CPU.ActiveCfg = Debug|Any CPU
		{E8E779D1-D65E-4206-B8AC-DE4065C1DD37}.Debug|Any CPU.Build.0 = Debug|Any CPU
		{E8E779D1-D65E-4206-B8AC-DE4065C1DD37}.Release|Any CPU.ActiveCfg = Release|Any CPU
		{E8E779D1-D65E-4206-B8AC-DE4065C1DD37}.Release|Any CPU.Build.0 = Release|Any CPU
		{4A8C7B0B-2665-476A-B06F-B701763C240E}.Debug|Any CPU.ActiveCfg = Debug|Any CPU
		{4A8C7B0B-2665-476A-B06F-B701763C240E}.Debug|Any CPU.Build.0 = Debug|Any CPU
		{4A8C7B0B-2665-476A-B06F-B701763C240E}.Release|Any CPU.ActiveCfg = Release|Any CPU
		{4A8C7B0B-2665-476A-B06F-B701763C240E}.Release|Any CPU.Build.0 = Release|Any CPU
	EndGlobalSection
	GlobalSection(SolutionProperties) = preSolution
		HideSolutionNode = FALSE
	EndGlobalSection
	GlobalSection(ExtensibilityGlobals) = postSolution
		SolutionGuid = {E43C049C-C115-4ACC-BAC9-678E2129C893}
	EndGlobalSection
EndGlobal
